// !$*UTF8*$!
{
	archiveVersion = 1;
	classes = {
	};
	objectVersion = 55;
	objects = {

/* Begin PBXBuildFile section */
		8003DA2727D5E1E00048B191 /* ExtendTableUserCell.swift in Sources */ = {isa = PBXBuildFile; fileRef = 8003DA2527D5E1E00048B191 /* ExtendTableUserCell.swift */; };
		8003DA2827D5E1E00048B191 /* ExtendTableUserCell.xib in Resources */ = {isa = PBXBuildFile; fileRef = 8003DA2627D5E1E00048B191 /* ExtendTableUserCell.xib */; };
		8025114527BFF5A1007E87C4 /* UserGroupTableViewController.swift in Sources */ = {isa = PBXBuildFile; fileRef = 8025114427BFF5A1007E87C4 /* UserGroupTableViewController.swift */; };
		8025114727BFF5C9007E87C4 /* NewGroupTableViewController.swift in Sources */ = {isa = PBXBuildFile; fileRef = 8025114627BFF5C9007E87C4 /* NewGroupTableViewController.swift */; };
		8025114B27BFF63D007E87C4 /* AllUserGroups.swift in Sources */ = {isa = PBXBuildFile; fileRef = 8025114A27BFF63D007E87C4 /* AllUserGroups.swift */; };
		8025F7F527E7517F0009C488 /* ImageAndLikeData.swift in Sources */ = {isa = PBXBuildFile; fileRef = 8025F7F427E7517F0009C488 /* ImageAndLikeData.swift */; };
		804154EF27B62FE900160418 /* AppDelegate.swift in Sources */ = {isa = PBXBuildFile; fileRef = 804154EE27B62FE900160418 /* AppDelegate.swift */; };
		804154F127B62FE900160418 /* SceneDelegate.swift in Sources */ = {isa = PBXBuildFile; fileRef = 804154F027B62FE900160418 /* SceneDelegate.swift */; };
		804154F627B62FE900160418 /* Main.storyboard in Resources */ = {isa = PBXBuildFile; fileRef = 804154F427B62FE900160418 /* Main.storyboard */; };
		804154F827B62FEB00160418 /* Assets.xcassets in Resources */ = {isa = PBXBuildFile; fileRef = 804154F727B62FEB00160418 /* Assets.xcassets */; };
		804154FB27B62FEB00160418 /* LaunchScreen.storyboard in Resources */ = {isa = PBXBuildFile; fileRef = 804154F927B62FEB00160418 /* LaunchScreen.storyboard */; };
		805E76ED27BC17670033098D /* Extension_LoginController.swift in Sources */ = {isa = PBXBuildFile; fileRef = 805E76EC27BC17670033098D /* Extension_LoginController.swift */; };
		805E76F027BC17EC0033098D /* AllertWrongUserData.swift in Sources */ = {isa = PBXBuildFile; fileRef = 805E76EF27BC17EC0033098D /* AllertWrongUserData.swift */; };
		80601F7127DEF62100490809 /* CircleView.swift in Sources */ = {isa = PBXBuildFile; fileRef = 80601F7027DEF62100490809 /* CircleView.swift */; };
		80601F7527DF095C00490809 /* ShadowViewRadius.swift in Sources */ = {isa = PBXBuildFile; fileRef = 80601F7427DF095C00490809 /* ShadowViewRadius.swift */; };
		80601F7A27DF1ECD00490809 /* SetHeaderInSection.swift in Sources */ = {isa = PBXBuildFile; fileRef = 80601F7927DF1ECD00490809 /* SetHeaderInSection.swift */; };
		806284C927DDB1A900D37674 /* CastomCollectionLayout.swift in Sources */ = {isa = PBXBuildFile; fileRef = 806284C827DDB1A900D37674 /* CastomCollectionLayout.swift */; };
		806284CE27DDB24F00D37674 /* GallaryCollectionViewCell.swift in Sources */ = {isa = PBXBuildFile; fileRef = 806284CC27DDB24F00D37674 /* GallaryCollectionViewCell.swift */; };
		806284CF27DDB24F00D37674 /* GallaryCollectionViewCell.xib in Resources */ = {isa = PBXBuildFile; fileRef = 806284CD27DDB24F00D37674 /* GallaryCollectionViewCell.xib */; };
		806284D127DDB68E00D37674 /* UserDetailsTableData.swift in Sources */ = {isa = PBXBuildFile; fileRef = 806284D027DDB68E00D37674 /* UserDetailsTableData.swift */; };
		806284D427DDCAFF00D37674 /* GallaryTableViewCell.swift in Sources */ = {isa = PBXBuildFile; fileRef = 806284D227DDCAFF00D37674 /* GallaryTableViewCell.swift */; };
		806284D527DDCAFF00D37674 /* GallaryTableViewCell.xib in Resources */ = {isa = PBXBuildFile; fileRef = 806284D327DDCAFF00D37674 /* GallaryTableViewCell.xib */; };
		80850EC327DE08980078039E /* SinglePhotoTableViewCell.swift in Sources */ = {isa = PBXBuildFile; fileRef = 80850EC127DE08980078039E /* SinglePhotoTableViewCell.swift */; };
		80850EC427DE08980078039E /* SinglePhotoTableViewCell.xib in Resources */ = {isa = PBXBuildFile; fileRef = 80850EC227DE08980078039E /* SinglePhotoTableViewCell.xib */; };
		80850EC827DE12480078039E /* SingleCollectionViewCell.swift in Sources */ = {isa = PBXBuildFile; fileRef = 80850EC627DE12480078039E /* SingleCollectionViewCell.swift */; };
		80850EC927DE12480078039E /* SingleCollectionViewCell.xib in Resources */ = {isa = PBXBuildFile; fileRef = 80850EC727DE12480078039E /* SingleCollectionViewCell.xib */; };
		80850ECB27DE16B00078039E /* CustomSingleCollectionLayout.swift in Sources */ = {isa = PBXBuildFile; fileRef = 80850ECA27DE16B00078039E /* CustomSingleCollectionLayout.swift */; };
		80850ECD27DE20350078039E /* ControlForLike.swift in Sources */ = {isa = PBXBuildFile; fileRef = 80850ECC27DE20350078039E /* ControlForLike.swift */; };
		80850ECF27DE37910078039E /* HomeNewsTableViewController.swift in Sources */ = {isa = PBXBuildFile; fileRef = 80850ECE27DE37910078039E /* HomeNewsTableViewController.swift */; };
		80850ED227DE37EE0078039E /* NewsData.swift in Sources */ = {isa = PBXBuildFile; fileRef = 80850ED127DE37EE0078039E /* NewsData.swift */; };
		80850ED627DE3CAC0078039E /* SinglePhotoAndTextTableViewCell.swift in Sources */ = {isa = PBXBuildFile; fileRef = 80850ED427DE3CAC0078039E /* SinglePhotoAndTextTableViewCell.swift */; };
		80850ED727DE3CAC0078039E /* SinglePhotoAndTextTableViewCell.xib in Resources */ = {isa = PBXBuildFile; fileRef = 80850ED527DE3CAC0078039E /* SinglePhotoAndTextTableViewCell.xib */; };
		80850EDB27DE42D70078039E /* NewsPhotoAndTextCollectionViewCell.swift in Sources */ = {isa = PBXBuildFile; fileRef = 80850ED927DE42D70078039E /* NewsPhotoAndTextCollectionViewCell.swift */; };
		80850EDC27DE42D70078039E /* NewsPhotoAndTextCollectionViewCell.xib in Resources */ = {isa = PBXBuildFile; fileRef = 80850EDA27DE42D70078039E /* NewsPhotoAndTextCollectionViewCell.xib */; };
		808E9D9A27BE94C00089E4A4 /* FriendsTableViewController.swift in Sources */ = {isa = PBXBuildFile; fileRef = 808E9D9927BE94C00089E4A4 /* FriendsTableViewController.swift */; };
		808E9DA027BE98BC0089E4A4 /* Friends.swift in Sources */ = {isa = PBXBuildFile; fileRef = 808E9D9F27BE98BC0089E4A4 /* Friends.swift */; };
		80BC96F727BB66DA0038FD77 /* UserData.swift in Sources */ = {isa = PBXBuildFile; fileRef = 80BC96F627BB66DA0038FD77 /* UserData.swift */; };
		80BC96F927BB67160038FD77 /* LoginViewController.swift in Sources */ = {isa = PBXBuildFile; fileRef = 80BC96F827BB67160038FD77 /* LoginViewController.swift */; };
		80C19AC127D761DC009C34CB /* DetailUserTableViewController.swift in Sources */ = {isa = PBXBuildFile; fileRef = 80C19AC027D761DC009C34CB /* DetailUserTableViewController.swift */; };
		80C19ACD27D76C6E009C34CB /* CouruselTableViewCell.swift in Sources */ = {isa = PBXBuildFile; fileRef = 80C19ACB27D76C6E009C34CB /* CouruselTableViewCell.swift */; };
		80C19ACE27D76C6E009C34CB /* CouruselTableViewCell.xib in Resources */ = {isa = PBXBuildFile; fileRef = 80C19ACC27D76C6E009C34CB /* CouruselTableViewCell.xib */; };
		80C19AD427D76FDE009C34CB /* CouruselCollectionViewCell.swift in Sources */ = {isa = PBXBuildFile; fileRef = 80C19AD227D76FDE009C34CB /* CouruselCollectionViewCell.swift */; };
		80C19AD527D76FDE009C34CB /* CouruselCollectionViewCell.xib in Resources */ = {isa = PBXBuildFile; fileRef = 80C19AD327D76FDE009C34CB /* CouruselCollectionViewCell.xib */; };
		80C19AEA27D7C6BA009C34CB /* ExtensionDetailViewController.swift in Sources */ = {isa = PBXBuildFile; fileRef = 80C19AE927D7C6BA009C34CB /* ExtensionDetailViewController.swift */; };
		80C7D08627F8440E00E03A27 /* GallaryViewController.swift in Sources */ = {isa = PBXBuildFile; fileRef = 80C7D08527F8440E00E03A27 /* GallaryViewController.swift */; };
		80CCB6B427E4E3E700BC2085 /* CastomHorizontalView.swift in Sources */ = {isa = PBXBuildFile; fileRef = 80CCB6B327E4E3E700BC2085 /* CastomHorizontalView.swift */; };
		80CCB6B827E4E55800BC2085 /* HorizontalCollectionViewCell.swift in Sources */ = {isa = PBXBuildFile; fileRef = 80CCB6B627E4E55800BC2085 /* HorizontalCollectionViewCell.swift */; };
		80CCB6B927E4E55800BC2085 /* HorizontalCollectionViewCell.xib in Resources */ = {isa = PBXBuildFile; fileRef = 80CCB6B727E4E55800BC2085 /* HorizontalCollectionViewCell.xib */; };
		80D1315227FDD876009EA04D /* AnimationLoginController.swift in Sources */ = {isa = PBXBuildFile; fileRef = 80D1315127FDD876009EA04D /* AnimationLoginController.swift */; };
		80D1315627FDE4D2009EA04D /* TabBarController.swift in Sources */ = {isa = PBXBuildFile; fileRef = 80D1315527FDE4D2009EA04D /* TabBarController.swift */; };
		80D1315827FE00BD009EA04D /* ReversAnimateLogin.swift in Sources */ = {isa = PBXBuildFile; fileRef = 80D1315727FE00BD009EA04D /* ReversAnimateLogin.swift */; };
		80D1315C27FEA85E009EA04D /* CustomNavigationController.swift in Sources */ = {isa = PBXBuildFile; fileRef = 80D1315B27FEA85E009EA04D /* CustomNavigationController.swift */; };
		80D1F9D927B6475200EA4E0C /* Validators.swift in Sources */ = {isa = PBXBuildFile; fileRef = 80D1F9D827B6475200EA4E0C /* Validators.swift */; };
		80DAF94927F0B5B200428C67 /* LoadingView.swift in Sources */ = {isa = PBXBuildFile; fileRef = 80DAF94827F0B5B200428C67 /* LoadingView.swift */; };
		80DAF94E27F16F1D00428C67 /* extensionUIViewGetSubView.swift in Sources */ = {isa = PBXBuildFile; fileRef = 80DAF94D27F16F1D00428C67 /* extensionUIViewGetSubView.swift */; };
		80DAF95027F377AD00428C67 /* CustomCodeSearchBar.swift in Sources */ = {isa = PBXBuildFile; fileRef = 80DAF94F27F377AD00428C67 /* CustomCodeSearchBar.swift */; };
		80DD23A727D3332000F78417 /* TableViewCellXib.swift in Sources */ = {isa = PBXBuildFile; fileRef = 80DD23A527D3332000F78417 /* TableViewCellXib.swift */; };
		80DD23A827D3332000F78417 /* TableViewCellXib.xib in Resources */ = {isa = PBXBuildFile; fileRef = 80DD23A627D3332000F78417 /* TableViewCellXib.xib */; };
		80E3274827D4F4950014C760 /* setDataSectionTable.swift in Sources */ = {isa = PBXBuildFile; fileRef = 80E3274727D4F4950014C760 /* setDataSectionTable.swift */; };
		80E3274A27D4F4BD0014C760 /* issetGroup.swift in Sources */ = {isa = PBXBuildFile; fileRef = 80E3274927D4F4BD0014C760 /* issetGroup.swift */; };
		80E3274D27D4F6A80014C760 /* addNewGroup.swift in Sources */ = {isa = PBXBuildFile; fileRef = 80E3274C27D4F6A80014C760 /* addNewGroup.swift */; };
		80E7D3C027DA7016009402ED /* HisFriends.swift in Sources */ = {isa = PBXBuildFile; fileRef = 80E7D3BF27DA7016009402ED /* HisFriends.swift */; };
		80E7D3C527DB0895009402ED /* DataController.swift in Sources */ = {isa = PBXBuildFile; fileRef = 80E7D3C427DB0895009402ED /* DataController.swift */; };
		80EAC04C27F6D35D006DDB9A /* ProtocolLikeDelegate.swift in Sources */ = {isa = PBXBuildFile; fileRef = 80EAC04B27F6D35D006DDB9A /* ProtocolLikeDelegate.swift */; };
		80EAC04E27F6D3F0006DDB9A /* CastomlayoutDelegate.swift in Sources */ = {isa = PBXBuildFile; fileRef = 80EAC04D27F6D3F0006DDB9A /* CastomlayoutDelegate.swift */; };
		80EAC05027F6D453006DDB9A /* TableViewDelegate.swift in Sources */ = {isa = PBXBuildFile; fileRef = 80EAC04F27F6D453006DDB9A /* TableViewDelegate.swift */; };
		80EAC05227F6D64B006DDB9A /* UserGroupTableViewDelegate.swift in Sources */ = {isa = PBXBuildFile; fileRef = 80EAC05127F6D64B006DDB9A /* UserGroupTableViewDelegate.swift */; };
		80EEE76A27E65C01007E27D0 /* PhotoGallaryPressetViewController.swift in Sources */ = {isa = PBXBuildFile; fileRef = 80EEE76927E65C01007E27D0 /* PhotoGallaryPressetViewController.swift */; };
		80F4BCC327FFEBCE008E07B0 /* AnimationPushNavigationController.swift in Sources */ = {isa = PBXBuildFile; fileRef = 80F4BCC227FFEBCE008E07B0 /* AnimationPushNavigationController.swift */; };
		80F4BCC527FFEC1F008E07B0 /* AnimationPopNavigationController.swift in Sources */ = {isa = PBXBuildFile; fileRef = 80F4BCC427FFEC1F008E07B0 /* AnimationPopNavigationController.swift */; };
		80F4BCC92802E0A2008E07B0 /* SetFrameImages.swift in Sources */ = {isa = PBXBuildFile; fileRef = 80F4BCC82802E0A2008E07B0 /* SetFrameImages.swift */; };
		80F4BCCC28031BD5008E07B0 /* AnimateGallaryPush.swift in Sources */ = {isa = PBXBuildFile; fileRef = 80F4BCCB28031BD5008E07B0 /* AnimateGallaryPush.swift */; };
		80F4BCCE28031BF6008E07B0 /* AnimateGallaryPop.swift in Sources */ = {isa = PBXBuildFile; fileRef = 80F4BCCD28031BF6008E07B0 /* AnimateGallaryPop.swift */; };
/* End PBXBuildFile section */

/* Begin PBXFileReference section */
		8003DA2527D5E1E00048B191 /* ExtendTableUserCell.swift */ = {isa = PBXFileReference; lastKnownFileType = sourcecode.swift; path = ExtendTableUserCell.swift; sourceTree = "<group>"; };
		8003DA2627D5E1E00048B191 /* ExtendTableUserCell.xib */ = {isa = PBXFileReference; lastKnownFileType = file.xib; path = ExtendTableUserCell.xib; sourceTree = "<group>"; };
		8025114427BFF5A1007E87C4 /* UserGroupTableViewController.swift */ = {isa = PBXFileReference; lastKnownFileType = sourcecode.swift; path = UserGroupTableViewController.swift; sourceTree = "<group>"; };
		8025114627BFF5C9007E87C4 /* NewGroupTableViewController.swift */ = {isa = PBXFileReference; lastKnownFileType = sourcecode.swift; path = NewGroupTableViewController.swift; sourceTree = "<group>"; };
		8025114A27BFF63D007E87C4 /* AllUserGroups.swift */ = {isa = PBXFileReference; lastKnownFileType = sourcecode.swift; path = AllUserGroups.swift; sourceTree = "<group>"; };
		8025F7F427E7517F0009C488 /* ImageAndLikeData.swift */ = {isa = PBXFileReference; lastKnownFileType = sourcecode.swift; path = ImageAndLikeData.swift; sourceTree = "<group>"; };
		804154EB27B62FE900160418 /* VKApp_KonishchevIvan.app */ = {isa = PBXFileReference; explicitFileType = wrapper.application; includeInIndex = 0; path = VKApp_KonishchevIvan.app; sourceTree = BUILT_PRODUCTS_DIR; };
		804154EE27B62FE900160418 /* AppDelegate.swift */ = {isa = PBXFileReference; lastKnownFileType = sourcecode.swift; path = AppDelegate.swift; sourceTree = "<group>"; };
		804154F027B62FE900160418 /* SceneDelegate.swift */ = {isa = PBXFileReference; lastKnownFileType = sourcecode.swift; path = SceneDelegate.swift; sourceTree = "<group>"; };
		804154F527B62FE900160418 /* Base */ = {isa = PBXFileReference; lastKnownFileType = file.storyboard; name = Base; path = Base.lproj/Main.storyboard; sourceTree = "<group>"; };
		804154F727B62FEB00160418 /* Assets.xcassets */ = {isa = PBXFileReference; lastKnownFileType = folder.assetcatalog; path = Assets.xcassets; sourceTree = "<group>"; };
		804154FA27B62FEB00160418 /* Base */ = {isa = PBXFileReference; lastKnownFileType = file.storyboard; name = Base; path = Base.lproj/LaunchScreen.storyboard; sourceTree = "<group>"; };
		804154FC27B62FEB00160418 /* Info.plist */ = {isa = PBXFileReference; lastKnownFileType = text.plist.xml; path = Info.plist; sourceTree = "<group>"; };
		805E76EC27BC17670033098D /* Extension_LoginController.swift */ = {isa = PBXFileReference; lastKnownFileType = sourcecode.swift; path = Extension_LoginController.swift; sourceTree = "<group>"; };
		805E76EF27BC17EC0033098D /* AllertWrongUserData.swift */ = {isa = PBXFileReference; lastKnownFileType = sourcecode.swift; path = AllertWrongUserData.swift; sourceTree = "<group>"; };
		80601F7027DEF62100490809 /* CircleView.swift */ = {isa = PBXFileReference; lastKnownFileType = sourcecode.swift; path = CircleView.swift; sourceTree = "<group>"; };
		80601F7427DF095C00490809 /* ShadowViewRadius.swift */ = {isa = PBXFileReference; lastKnownFileType = sourcecode.swift; path = ShadowViewRadius.swift; sourceTree = "<group>"; };
		80601F7927DF1ECD00490809 /* SetHeaderInSection.swift */ = {isa = PBXFileReference; lastKnownFileType = sourcecode.swift; path = SetHeaderInSection.swift; sourceTree = "<group>"; };
		806284C827DDB1A900D37674 /* CastomCollectionLayout.swift */ = {isa = PBXFileReference; lastKnownFileType = sourcecode.swift; path = CastomCollectionLayout.swift; sourceTree = "<group>"; };
		806284CC27DDB24F00D37674 /* GallaryCollectionViewCell.swift */ = {isa = PBXFileReference; lastKnownFileType = sourcecode.swift; path = GallaryCollectionViewCell.swift; sourceTree = "<group>"; };
		806284CD27DDB24F00D37674 /* GallaryCollectionViewCell.xib */ = {isa = PBXFileReference; lastKnownFileType = file.xib; path = GallaryCollectionViewCell.xib; sourceTree = "<group>"; };
		806284D027DDB68E00D37674 /* UserDetailsTableData.swift */ = {isa = PBXFileReference; lastKnownFileType = sourcecode.swift; path = UserDetailsTableData.swift; sourceTree = "<group>"; };
		806284D227DDCAFF00D37674 /* GallaryTableViewCell.swift */ = {isa = PBXFileReference; lastKnownFileType = sourcecode.swift; path = GallaryTableViewCell.swift; sourceTree = "<group>"; };
		806284D327DDCAFF00D37674 /* GallaryTableViewCell.xib */ = {isa = PBXFileReference; lastKnownFileType = file.xib; path = GallaryTableViewCell.xib; sourceTree = "<group>"; };
		80850EC127DE08980078039E /* SinglePhotoTableViewCell.swift */ = {isa = PBXFileReference; lastKnownFileType = sourcecode.swift; path = SinglePhotoTableViewCell.swift; sourceTree = "<group>"; };
		80850EC227DE08980078039E /* SinglePhotoTableViewCell.xib */ = {isa = PBXFileReference; lastKnownFileType = file.xib; path = SinglePhotoTableViewCell.xib; sourceTree = "<group>"; };
		80850EC627DE12480078039E /* SingleCollectionViewCell.swift */ = {isa = PBXFileReference; lastKnownFileType = sourcecode.swift; path = SingleCollectionViewCell.swift; sourceTree = "<group>"; };
		80850EC727DE12480078039E /* SingleCollectionViewCell.xib */ = {isa = PBXFileReference; lastKnownFileType = file.xib; path = SingleCollectionViewCell.xib; sourceTree = "<group>"; };
		80850ECA27DE16B00078039E /* CustomSingleCollectionLayout.swift */ = {isa = PBXFileReference; lastKnownFileType = sourcecode.swift; path = CustomSingleCollectionLayout.swift; sourceTree = "<group>"; };
		80850ECC27DE20350078039E /* ControlForLike.swift */ = {isa = PBXFileReference; lastKnownFileType = sourcecode.swift; path = ControlForLike.swift; sourceTree = "<group>"; };
		80850ECE27DE37910078039E /* HomeNewsTableViewController.swift */ = {isa = PBXFileReference; lastKnownFileType = sourcecode.swift; path = HomeNewsTableViewController.swift; sourceTree = "<group>"; };
		80850ED127DE37EE0078039E /* NewsData.swift */ = {isa = PBXFileReference; lastKnownFileType = sourcecode.swift; path = NewsData.swift; sourceTree = "<group>"; };
		80850ED427DE3CAC0078039E /* SinglePhotoAndTextTableViewCell.swift */ = {isa = PBXFileReference; lastKnownFileType = sourcecode.swift; path = SinglePhotoAndTextTableViewCell.swift; sourceTree = "<group>"; };
		80850ED527DE3CAC0078039E /* SinglePhotoAndTextTableViewCell.xib */ = {isa = PBXFileReference; lastKnownFileType = file.xib; path = SinglePhotoAndTextTableViewCell.xib; sourceTree = "<group>"; };
		80850ED927DE42D70078039E /* NewsPhotoAndTextCollectionViewCell.swift */ = {isa = PBXFileReference; lastKnownFileType = sourcecode.swift; path = NewsPhotoAndTextCollectionViewCell.swift; sourceTree = "<group>"; };
		80850EDA27DE42D70078039E /* NewsPhotoAndTextCollectionViewCell.xib */ = {isa = PBXFileReference; lastKnownFileType = file.xib; path = NewsPhotoAndTextCollectionViewCell.xib; sourceTree = "<group>"; };
		808E9D9927BE94C00089E4A4 /* FriendsTableViewController.swift */ = {isa = PBXFileReference; lastKnownFileType = sourcecode.swift; path = FriendsTableViewController.swift; sourceTree = "<group>"; };
		808E9D9F27BE98BC0089E4A4 /* Friends.swift */ = {isa = PBXFileReference; lastKnownFileType = sourcecode.swift; path = Friends.swift; sourceTree = "<group>"; };
		80BC96F627BB66DA0038FD77 /* UserData.swift */ = {isa = PBXFileReference; lastKnownFileType = sourcecode.swift; path = UserData.swift; sourceTree = "<group>"; };
		80BC96F827BB67160038FD77 /* LoginViewController.swift */ = {isa = PBXFileReference; lastKnownFileType = sourcecode.swift; path = LoginViewController.swift; sourceTree = "<group>"; };
		80C19AC027D761DC009C34CB /* DetailUserTableViewController.swift */ = {isa = PBXFileReference; lastKnownFileType = sourcecode.swift; path = DetailUserTableViewController.swift; sourceTree = "<group>"; };
		80C19ACB27D76C6E009C34CB /* CouruselTableViewCell.swift */ = {isa = PBXFileReference; lastKnownFileType = sourcecode.swift; path = CouruselTableViewCell.swift; sourceTree = "<group>"; };
		80C19ACC27D76C6E009C34CB /* CouruselTableViewCell.xib */ = {isa = PBXFileReference; lastKnownFileType = file.xib; path = CouruselTableViewCell.xib; sourceTree = "<group>"; };
		80C19AD227D76FDE009C34CB /* CouruselCollectionViewCell.swift */ = {isa = PBXFileReference; lastKnownFileType = sourcecode.swift; path = CouruselCollectionViewCell.swift; sourceTree = "<group>"; };
		80C19AD327D76FDE009C34CB /* CouruselCollectionViewCell.xib */ = {isa = PBXFileReference; lastKnownFileType = file.xib; path = CouruselCollectionViewCell.xib; sourceTree = "<group>"; };
		80C19AE927D7C6BA009C34CB /* ExtensionDetailViewController.swift */ = {isa = PBXFileReference; lastKnownFileType = sourcecode.swift; path = ExtensionDetailViewController.swift; sourceTree = "<group>"; };
		80C7D08527F8440E00E03A27 /* GallaryViewController.swift */ = {isa = PBXFileReference; lastKnownFileType = sourcecode.swift; path = GallaryViewController.swift; sourceTree = "<group>"; };
		80CCB6B327E4E3E700BC2085 /* CastomHorizontalView.swift */ = {isa = PBXFileReference; lastKnownFileType = sourcecode.swift; path = CastomHorizontalView.swift; sourceTree = "<group>"; };
		80CCB6B627E4E55800BC2085 /* HorizontalCollectionViewCell.swift */ = {isa = PBXFileReference; lastKnownFileType = sourcecode.swift; path = HorizontalCollectionViewCell.swift; sourceTree = "<group>"; };
		80CCB6B727E4E55800BC2085 /* HorizontalCollectionViewCell.xib */ = {isa = PBXFileReference; lastKnownFileType = file.xib; path = HorizontalCollectionViewCell.xib; sourceTree = "<group>"; };
		80D1315127FDD876009EA04D /* AnimationLoginController.swift */ = {isa = PBXFileReference; lastKnownFileType = sourcecode.swift; path = AnimationLoginController.swift; sourceTree = "<group>"; };
		80D1315527FDE4D2009EA04D /* TabBarController.swift */ = {isa = PBXFileReference; lastKnownFileType = sourcecode.swift; path = TabBarController.swift; sourceTree = "<group>"; };
		80D1315727FE00BD009EA04D /* ReversAnimateLogin.swift */ = {isa = PBXFileReference; lastKnownFileType = sourcecode.swift; path = ReversAnimateLogin.swift; sourceTree = "<group>"; };
		80D1315B27FEA85E009EA04D /* CustomNavigationController.swift */ = {isa = PBXFileReference; lastKnownFileType = sourcecode.swift; path = CustomNavigationController.swift; sourceTree = "<group>"; };
		80D1F9D827B6475200EA4E0C /* Validators.swift */ = {isa = PBXFileReference; lastKnownFileType = sourcecode.swift; path = Validators.swift; sourceTree = "<group>"; };
		80DAF94827F0B5B200428C67 /* LoadingView.swift */ = {isa = PBXFileReference; lastKnownFileType = sourcecode.swift; path = LoadingView.swift; sourceTree = "<group>"; };
		80DAF94D27F16F1D00428C67 /* extensionUIViewGetSubView.swift */ = {isa = PBXFileReference; lastKnownFileType = sourcecode.swift; path = extensionUIViewGetSubView.swift; sourceTree = "<group>"; };
		80DAF94F27F377AD00428C67 /* CustomCodeSearchBar.swift */ = {isa = PBXFileReference; lastKnownFileType = sourcecode.swift; path = CustomCodeSearchBar.swift; sourceTree = "<group>"; };
		80DD23A527D3332000F78417 /* TableViewCellXib.swift */ = {isa = PBXFileReference; lastKnownFileType = sourcecode.swift; path = TableViewCellXib.swift; sourceTree = "<group>"; };
		80DD23A627D3332000F78417 /* TableViewCellXib.xib */ = {isa = PBXFileReference; lastKnownFileType = file.xib; path = TableViewCellXib.xib; sourceTree = "<group>"; };
		80E3274727D4F4950014C760 /* setDataSectionTable.swift */ = {isa = PBXFileReference; lastKnownFileType = sourcecode.swift; path = setDataSectionTable.swift; sourceTree = "<group>"; };
		80E3274927D4F4BD0014C760 /* issetGroup.swift */ = {isa = PBXFileReference; lastKnownFileType = sourcecode.swift; path = issetGroup.swift; sourceTree = "<group>"; };
		80E3274C27D4F6A80014C760 /* addNewGroup.swift */ = {isa = PBXFileReference; lastKnownFileType = sourcecode.swift; path = addNewGroup.swift; sourceTree = "<group>"; };
		80E7D3BF27DA7016009402ED /* HisFriends.swift */ = {isa = PBXFileReference; lastKnownFileType = sourcecode.swift; path = HisFriends.swift; sourceTree = "<group>"; };
		80E7D3C427DB0895009402ED /* DataController.swift */ = {isa = PBXFileReference; lastKnownFileType = sourcecode.swift; path = DataController.swift; sourceTree = "<group>"; };
		80EAC04B27F6D35D006DDB9A /* ProtocolLikeDelegate.swift */ = {isa = PBXFileReference; lastKnownFileType = sourcecode.swift; path = ProtocolLikeDelegate.swift; sourceTree = "<group>"; };
		80EAC04D27F6D3F0006DDB9A /* CastomlayoutDelegate.swift */ = {isa = PBXFileReference; lastKnownFileType = sourcecode.swift; path = CastomlayoutDelegate.swift; sourceTree = "<group>"; };
		80EAC04F27F6D453006DDB9A /* TableViewDelegate.swift */ = {isa = PBXFileReference; lastKnownFileType = sourcecode.swift; path = TableViewDelegate.swift; sourceTree = "<group>"; };
		80EAC05127F6D64B006DDB9A /* UserGroupTableViewDelegate.swift */ = {isa = PBXFileReference; lastKnownFileType = sourcecode.swift; path = UserGroupTableViewDelegate.swift; sourceTree = "<group>"; };
		80EEE76927E65C01007E27D0 /* PhotoGallaryPressetViewController.swift */ = {isa = PBXFileReference; lastKnownFileType = sourcecode.swift; path = PhotoGallaryPressetViewController.swift; sourceTree = "<group>"; };
		80F4BCC227FFEBCE008E07B0 /* AnimationPushNavigationController.swift */ = {isa = PBXFileReference; lastKnownFileType = sourcecode.swift; path = AnimationPushNavigationController.swift; sourceTree = "<group>"; };
		80F4BCC427FFEC1F008E07B0 /* AnimationPopNavigationController.swift */ = {isa = PBXFileReference; lastKnownFileType = sourcecode.swift; path = AnimationPopNavigationController.swift; sourceTree = "<group>"; };
		80F4BCC82802E0A2008E07B0 /* SetFrameImages.swift */ = {isa = PBXFileReference; lastKnownFileType = sourcecode.swift; path = SetFrameImages.swift; sourceTree = "<group>"; };
		80F4BCCB28031BD5008E07B0 /* AnimateGallaryPush.swift */ = {isa = PBXFileReference; lastKnownFileType = sourcecode.swift; path = AnimateGallaryPush.swift; sourceTree = "<group>"; };
		80F4BCCD28031BF6008E07B0 /* AnimateGallaryPop.swift */ = {isa = PBXFileReference; lastKnownFileType = sourcecode.swift; path = AnimateGallaryPop.swift; sourceTree = "<group>"; };
/* End PBXFileReference section */

/* Begin PBXFrameworksBuildPhase section */
		804154E827B62FE900160418 /* Frameworks */ = {
			isa = PBXFrameworksBuildPhase;
			buildActionMask = 2147483647;
			files = (
			);
			runOnlyForDeploymentPostprocessing = 0;
		};
/* End PBXFrameworksBuildPhase section */

/* Begin PBXGroup section */
		8003DA2327D5E1680048B191 /* SimpleCell */ = {
			isa = PBXGroup;
			children = (
				80DD23A527D3332000F78417 /* TableViewCellXib.swift */,
				80DD23A627D3332000F78417 /* TableViewCellXib.xib */,
			);
			path = SimpleCell;
			sourceTree = "<group>";
		};
		8003DA2427D5E19F0048B191 /* ExtendedCell */ = {
			isa = PBXGroup;
			children = (
				8003DA2527D5E1E00048B191 /* ExtendTableUserCell.swift */,
				8003DA2627D5E1E00048B191 /* ExtendTableUserCell.xib */,
			);
			path = ExtendedCell;
			sourceTree = "<group>";
		};
		80233AB127BF59580040D702 /* Resourse */ = {
			isa = PBXGroup;
			children = (
				80D1F9D727B6471900EA4E0C /* TextFieldValidation */,
				804154F427B62FE900160418 /* Main.storyboard */,
				804154F927B62FEB00160418 /* LaunchScreen.storyboard */,
				804154F027B62FE900160418 /* SceneDelegate.swift */,
				804154EE27B62FE900160418 /* AppDelegate.swift */,
				80F829A327BE042600D4FB53 /* Assets */,
			);
			path = Resourse;
			sourceTree = "<group>";
		};
		80233AB227BF5A870040D702 /* Controllers */ = {
			isa = PBXGroup;
			children = (
				80D1315A27FEA804009EA04D /* CustomTabBarControllers */,
				80D1315927FEA7F4009EA04D /* CustomNavigationControllers */,
				80DAF94727F0B57400428C67 /* LoadingIndicatorView */,
				80DAF94627F0AF3F00428C67 /* SearchBarControllers */,
				80DAF94127EF57AC00428C67 /* UIControlls */,
				80601F7627DF0A5200490809 /* AvatarShadovCircleController */,
				806284C727DDB18400D37674 /* CastomCollectionLayout */,
				80DD23A427D332F200F78417 /* XibCellForTable */,
				80E7D3C127DB0780009402ED /* DataController */,
				808E9DA427BEB9F00089E4A4 /* ViewCollectionCell */,
			);
			path = Controllers;
			sourceTree = "<group>";
		};
		803030EB27C0E95F00A410CE /* All_Extension */ = {
			isa = PBXGroup;
			children = (
				80DAF94A27F16ECB00428C67 /* ExtensionUIView */,
				80C19AE827D7C62C009C34CB /* ExtensionDetailUTVController */,
				80E3274B27D4F68E0014C760 /* ExtensionUserGTVController */,
				80E3274427D4F3D40014C760 /* ExtensionFriendsTVController */,
				80E3274127D4F2E10014C760 /* ExtensionNewGTVController */,
				805E76EB27BC171D0033098D /* Extension_LoginController */,
			);
			path = All_Extension;
			sourceTree = "<group>";
		};
		804154E227B62FE900160418 = {
			isa = PBXGroup;
			children = (
				804154ED27B62FE900160418 /* VKApp_KonishchevIvan */,
				804154EC27B62FE900160418 /* Products */,
			);
			sourceTree = "<group>";
		};
		804154EC27B62FE900160418 /* Products */ = {
			isa = PBXGroup;
			children = (
				804154EB27B62FE900160418 /* VKApp_KonishchevIvan.app */,
			);
			name = Products;
			sourceTree = "<group>";
		};
		804154ED27B62FE900160418 /* VKApp_KonishchevIvan */ = {
			isa = PBXGroup;
			children = (
				803030EB27C0E95F00A410CE /* All_Extension */,
				80233AB127BF59580040D702 /* Resourse */,
				808E9D9B27BE94EF0089E4A4 /* Model */,
				80F829A227BE03FC00D4FB53 /* ViewControllers */,
				80233AB227BF5A870040D702 /* Controllers */,
				805E76EE27BC17B50033098D /* AllertMessage */,
				804154FC27B62FEB00160418 /* Info.plist */,
			);
			path = VKApp_KonishchevIvan;
			sourceTree = "<group>";
		};
		805E76EB27BC171D0033098D /* Extension_LoginController */ = {
			isa = PBXGroup;
			children = (
				805E76EC27BC17670033098D /* Extension_LoginController.swift */,
			);
			path = Extension_LoginController;
			sourceTree = "<group>";
		};
		805E76EE27BC17B50033098D /* AllertMessage */ = {
			isa = PBXGroup;
			children = (
				805E76EF27BC17EC0033098D /* AllertWrongUserData.swift */,
			);
			path = AllertMessage;
			sourceTree = "<group>";
		};
		80601F7627DF0A5200490809 /* AvatarShadovCircleController */ = {
			isa = PBXGroup;
			children = (
				80601F7027DEF62100490809 /* CircleView.swift */,
				80601F7427DF095C00490809 /* ShadowViewRadius.swift */,
			);
			path = AvatarShadovCircleController;
			sourceTree = "<group>";
		};
		806284C727DDB18400D37674 /* CastomCollectionLayout */ = {
			isa = PBXGroup;
			children = (
				806284C827DDB1A900D37674 /* CastomCollectionLayout.swift */,
				80850ECA27DE16B00078039E /* CustomSingleCollectionLayout.swift */,
				80CCB6B327E4E3E700BC2085 /* CastomHorizontalView.swift */,
			);
			path = CastomCollectionLayout;
			sourceTree = "<group>";
		};
		806284CB27DDB23300D37674 /* XibGallaryCollectionCell */ = {
			isa = PBXGroup;
			children = (
				806284CC27DDB24F00D37674 /* GallaryCollectionViewCell.swift */,
				806284CD27DDB24F00D37674 /* GallaryCollectionViewCell.xib */,
			);
			path = XibGallaryCollectionCell;
			sourceTree = "<group>";
		};
		806284D627DDCB0D00D37674 /* GalaryCell */ = {
			isa = PBXGroup;
			children = (
				806284D227DDCAFF00D37674 /* GallaryTableViewCell.swift */,
				806284D327DDCAFF00D37674 /* GallaryTableViewCell.xib */,
			);
			path = GalaryCell;
			sourceTree = "<group>";
		};
		80850EC027DE08650078039E /* SinglePhotoCell */ = {
			isa = PBXGroup;
			children = (
				80850EC127DE08980078039E /* SinglePhotoTableViewCell.swift */,
				80850EC227DE08980078039E /* SinglePhotoTableViewCell.xib */,
			);
			path = SinglePhotoCell;
			sourceTree = "<group>";
		};
		80850EC527DE122C0078039E /* XibSingleCollectionCell */ = {
			isa = PBXGroup;
			children = (
				80850EC627DE12480078039E /* SingleCollectionViewCell.swift */,
				80850EC727DE12480078039E /* SingleCollectionViewCell.xib */,
			);
			path = XibSingleCollectionCell;
			sourceTree = "<group>";
		};
		80850ED027DE37CB0078039E /* NewsData */ = {
			isa = PBXGroup;
			children = (
				80850ED127DE37EE0078039E /* NewsData.swift */,
			);
			path = NewsData;
			sourceTree = "<group>";
		};
		80850ED327DE3C650078039E /* SinglePhotoAndTextCell */ = {
			isa = PBXGroup;
			children = (
				80850ED427DE3CAC0078039E /* SinglePhotoAndTextTableViewCell.swift */,
				80850ED527DE3CAC0078039E /* SinglePhotoAndTextTableViewCell.xib */,
			);
			path = SinglePhotoAndTextCell;
			sourceTree = "<group>";
		};
		80850ED827DE429E0078039E /* XibSinglePhotoAndTextCell */ = {
			isa = PBXGroup;
			children = (
				80850ED927DE42D70078039E /* NewsPhotoAndTextCollectionViewCell.swift */,
				80850EDA27DE42D70078039E /* NewsPhotoAndTextCollectionViewCell.xib */,
			);
			path = XibSinglePhotoAndTextCell;
			sourceTree = "<group>";
		};
		808E9D9B27BE94EF0089E4A4 /* Model */ = {
			isa = PBXGroup;
			children = (
				80D1314E27FDD773009EA04D /* AnimationsForScreen */,
				80EAC04A27F6D326006DDB9A /* AllProtocols */,
				80850ED027DE37CB0078039E /* NewsData */,
				80BC96F627BB66DA0038FD77 /* UserData.swift */,
				808E9D9F27BE98BC0089E4A4 /* Friends.swift */,
				8025114A27BFF63D007E87C4 /* AllUserGroups.swift */,
				80E7D3BF27DA7016009402ED /* HisFriends.swift */,
				806284D027DDB68E00D37674 /* UserDetailsTableData.swift */,
				8025F7F427E7517F0009C488 /* ImageAndLikeData.swift */,
			);
			path = Model;
			sourceTree = "<group>";
		};
		808E9DA427BEB9F00089E4A4 /* ViewCollectionCell */ = {
			isa = PBXGroup;
			children = (
				80CCB6B527E4E51D00BC2085 /* HorizontalCollectionViewCell */,
				80850ED827DE429E0078039E /* XibSinglePhotoAndTextCell */,
				80850EC527DE122C0078039E /* XibSingleCollectionCell */,
				806284CB27DDB23300D37674 /* XibGallaryCollectionCell */,
				80C19ACF27D76FA7009C34CB /* XibCollectionViewCell */,
			);
			path = ViewCollectionCell;
			sourceTree = "<group>";
		};
		80C19ACA27D76C40009C34CB /* CouruselCell */ = {
			isa = PBXGroup;
			children = (
				80C19ACB27D76C6E009C34CB /* CouruselTableViewCell.swift */,
				80C19ACC27D76C6E009C34CB /* CouruselTableViewCell.xib */,
			);
			path = CouruselCell;
			sourceTree = "<group>";
		};
		80C19ACF27D76FA7009C34CB /* XibCollectionViewCell */ = {
			isa = PBXGroup;
			children = (
				80C19AD227D76FDE009C34CB /* CouruselCollectionViewCell.swift */,
				80C19AD327D76FDE009C34CB /* CouruselCollectionViewCell.xib */,
			);
			path = XibCollectionViewCell;
			sourceTree = "<group>";
		};
		80C19AE827D7C62C009C34CB /* ExtensionDetailUTVController */ = {
			isa = PBXGroup;
			children = (
				80C19AE927D7C6BA009C34CB /* ExtensionDetailViewController.swift */,
			);
			path = ExtensionDetailUTVController;
			sourceTree = "<group>";
		};
		80CCB6B527E4E51D00BC2085 /* HorizontalCollectionViewCell */ = {
			isa = PBXGroup;
			children = (
				80CCB6B627E4E55800BC2085 /* HorizontalCollectionViewCell.swift */,
				80CCB6B727E4E55800BC2085 /* HorizontalCollectionViewCell.xib */,
			);
			path = HorizontalCollectionViewCell;
			sourceTree = "<group>";
		};
		80D1314E27FDD773009EA04D /* AnimationsForScreen */ = {
			isa = PBXGroup;
			children = (
				80F4BCCA28031B97008E07B0 /* AnimationForGallaryScreen */,
				80F4BCC127FFEB62008E07B0 /* AnimationFriendsNavigationController */,
				80F4BCC027FFEB3B008E07B0 /* AnimationFromToLoginController */,
			);
			path = AnimationsForScreen;
			sourceTree = "<group>";
		};
		80D1315927FEA7F4009EA04D /* CustomNavigationControllers */ = {
			isa = PBXGroup;
			children = (
				80D1315B27FEA85E009EA04D /* CustomNavigationController.swift */,
			);
			path = CustomNavigationControllers;
			sourceTree = "<group>";
		};
		80D1315A27FEA804009EA04D /* CustomTabBarControllers */ = {
			isa = PBXGroup;
			children = (
				80D1315527FDE4D2009EA04D /* TabBarController.swift */,
			);
			path = CustomTabBarControllers;
			sourceTree = "<group>";
		};
		80D1F9D727B6471900EA4E0C /* TextFieldValidation */ = {
			isa = PBXGroup;
			children = (
				80D1F9D827B6475200EA4E0C /* Validators.swift */,
			);
			path = TextFieldValidation;
			sourceTree = "<group>";
		};
		80DAF94127EF57AC00428C67 /* UIControlls */ = {
			isa = PBXGroup;
			children = (
				80850ECC27DE20350078039E /* ControlForLike.swift */,
			);
			path = UIControlls;
			sourceTree = "<group>";
		};
		80DAF94627F0AF3F00428C67 /* SearchBarControllers */ = {
			isa = PBXGroup;
			children = (
				80DAF94F27F377AD00428C67 /* CustomCodeSearchBar.swift */,
			);
			path = SearchBarControllers;
			sourceTree = "<group>";
		};
		80DAF94727F0B57400428C67 /* LoadingIndicatorView */ = {
			isa = PBXGroup;
			children = (
				80DAF94827F0B5B200428C67 /* LoadingView.swift */,
			);
			path = LoadingIndicatorView;
			sourceTree = "<group>";
		};
		80DAF94A27F16ECB00428C67 /* ExtensionUIView */ = {
			isa = PBXGroup;
			children = (
				80DAF94D27F16F1D00428C67 /* extensionUIViewGetSubView.swift */,
			);
			path = ExtensionUIView;
			sourceTree = "<group>";
		};
		80DD23A427D332F200F78417 /* XibCellForTable */ = {
			isa = PBXGroup;
			children = (
				80850ED327DE3C650078039E /* SinglePhotoAndTextCell */,
				80850EC027DE08650078039E /* SinglePhotoCell */,
				80C19ACA27D76C40009C34CB /* CouruselCell */,
				8003DA2427D5E19F0048B191 /* ExtendedCell */,
				8003DA2327D5E1680048B191 /* SimpleCell */,
				806284D627DDCB0D00D37674 /* GalaryCell */,
			);
			path = XibCellForTable;
			sourceTree = "<group>";
		};
		80E3274127D4F2E10014C760 /* ExtensionNewGTVController */ = {
			isa = PBXGroup;
			children = (
				80E3274927D4F4BD0014C760 /* issetGroup.swift */,
			);
			path = ExtensionNewGTVController;
			sourceTree = "<group>";
		};
		80E3274427D4F3D40014C760 /* ExtensionFriendsTVController */ = {
			isa = PBXGroup;
			children = (
				80E3274727D4F4950014C760 /* setDataSectionTable.swift */,
				80601F7927DF1ECD00490809 /* SetHeaderInSection.swift */,
			);
			path = ExtensionFriendsTVController;
			sourceTree = "<group>";
		};
		80E3274B27D4F68E0014C760 /* ExtensionUserGTVController */ = {
			isa = PBXGroup;
			children = (
				80E3274C27D4F6A80014C760 /* addNewGroup.swift */,
			);
			path = ExtensionUserGTVController;
			sourceTree = "<group>";
		};
		80E7D3C127DB0780009402ED /* DataController */ = {
			isa = PBXGroup;
			children = (
				80E7D3C427DB0895009402ED /* DataController.swift */,
			);
			path = DataController;
			sourceTree = "<group>";
		};
		80EAC04A27F6D326006DDB9A /* AllProtocols */ = {
			isa = PBXGroup;
			children = (
				80EAC04B27F6D35D006DDB9A /* ProtocolLikeDelegate.swift */,
				80EAC04D27F6D3F0006DDB9A /* CastomlayoutDelegate.swift */,
				80EAC04F27F6D453006DDB9A /* TableViewDelegate.swift */,
				80EAC05127F6D64B006DDB9A /* UserGroupTableViewDelegate.swift */,
				80F4BCC82802E0A2008E07B0 /* SetFrameImages.swift */,
			);
			path = AllProtocols;
			sourceTree = "<group>";
		};
		80F4BCC027FFEB3B008E07B0 /* AnimationFromToLoginController */ = {
			isa = PBXGroup;
			children = (
				80D1315127FDD876009EA04D /* AnimationLoginController.swift */,
				80D1315727FE00BD009EA04D /* ReversAnimateLogin.swift */,
			);
			path = AnimationFromToLoginController;
			sourceTree = "<group>";
		};
		80F4BCC127FFEB62008E07B0 /* AnimationFriendsNavigationController */ = {
			isa = PBXGroup;
			children = (
				80F4BCC227FFEBCE008E07B0 /* AnimationPushNavigationController.swift */,
				80F4BCC427FFEC1F008E07B0 /* AnimationPopNavigationController.swift */,
			);
			path = AnimationFriendsNavigationController;
			sourceTree = "<group>";
		};
		80F4BCCA28031B97008E07B0 /* AnimationForGallaryScreen */ = {
			isa = PBXGroup;
			children = (
				80F4BCCB28031BD5008E07B0 /* AnimateGallaryPush.swift */,
				80F4BCCD28031BF6008E07B0 /* AnimateGallaryPop.swift */,
			);
			path = AnimationForGallaryScreen;
			sourceTree = "<group>";
		};
		80F829A227BE03FC00D4FB53 /* ViewControllers */ = {
			isa = PBXGroup;
			children = (
				80BC96F827BB67160038FD77 /* LoginViewController.swift */,
				808E9D9927BE94C00089E4A4 /* FriendsTableViewController.swift */,
				8025114427BFF5A1007E87C4 /* UserGroupTableViewController.swift */,
				8025114627BFF5C9007E87C4 /* NewGroupTableViewController.swift */,
				80C19AC027D761DC009C34CB /* DetailUserTableViewController.swift */,
				80850ECE27DE37910078039E /* HomeNewsTableViewController.swift */,
				80EEE76927E65C01007E27D0 /* PhotoGallaryPressetViewController.swift */,
				80C7D08527F8440E00E03A27 /* GallaryViewController.swift */,
			);
			path = ViewControllers;
			sourceTree = "<group>";
		};
		80F829A327BE042600D4FB53 /* Assets */ = {
			isa = PBXGroup;
			children = (
				804154F727B62FEB00160418 /* Assets.xcassets */,
			);
			path = Assets;
			sourceTree = "<group>";
		};
/* End PBXGroup section */

/* Begin PBXNativeTarget section */
		804154EA27B62FE900160418 /* VKApp_KonishchevIvan */ = {
			isa = PBXNativeTarget;
			buildConfigurationList = 804154FF27B62FEB00160418 /* Build configuration list for PBXNativeTarget "VKApp_KonishchevIvan" */;
			buildPhases = (
				804154E727B62FE900160418 /* Sources */,
				804154E827B62FE900160418 /* Frameworks */,
				804154E927B62FE900160418 /* Resources */,
			);
			buildRules = (
			);
			dependencies = (
			);
			name = VKApp_KonishchevIvan;
			productName = VKApp_KonishchevIvan;
			productReference = 804154EB27B62FE900160418 /* VKApp_KonishchevIvan.app */;
			productType = "com.apple.product-type.application";
		};
/* End PBXNativeTarget section */

/* Begin PBXProject section */
		804154E327B62FE900160418 /* Project object */ = {
			isa = PBXProject;
			attributes = {
				BuildIndependentTargetsInParallel = 1;
				LastSwiftUpdateCheck = 1320;
				LastUpgradeCheck = 1320;
				TargetAttributes = {
					804154EA27B62FE900160418 = {
						CreatedOnToolsVersion = 13.2.1;
					};
				};
			};
			buildConfigurationList = 804154E627B62FE900160418 /* Build configuration list for PBXProject "VKApp_KonishchevIvan" */;
			compatibilityVersion = "Xcode 13.0";
			developmentRegion = en;
			hasScannedForEncodings = 0;
			knownRegions = (
				en,
				Base,
			);
			mainGroup = 804154E227B62FE900160418;
			productRefGroup = 804154EC27B62FE900160418 /* Products */;
			projectDirPath = "";
			projectRoot = "";
			targets = (
				804154EA27B62FE900160418 /* VKApp_KonishchevIvan */,
			);
		};
/* End PBXProject section */

/* Begin PBXResourcesBuildPhase section */
		804154E927B62FE900160418 /* Resources */ = {
			isa = PBXResourcesBuildPhase;
			buildActionMask = 2147483647;
			files = (
				80850EC927DE12480078039E /* SingleCollectionViewCell.xib in Resources */,
				804154FB27B62FEB00160418 /* LaunchScreen.storyboard in Resources */,
				806284CF27DDB24F00D37674 /* GallaryCollectionViewCell.xib in Resources */,
				80850EC427DE08980078039E /* SinglePhotoTableViewCell.xib in Resources */,
				804154F827B62FEB00160418 /* Assets.xcassets in Resources */,
				80850EDC27DE42D70078039E /* NewsPhotoAndTextCollectionViewCell.xib in Resources */,
				806284D527DDCAFF00D37674 /* GallaryTableViewCell.xib in Resources */,
				8003DA2827D5E1E00048B191 /* ExtendTableUserCell.xib in Resources */,
				80850ED727DE3CAC0078039E /* SinglePhotoAndTextTableViewCell.xib in Resources */,
				80C19ACE27D76C6E009C34CB /* CouruselTableViewCell.xib in Resources */,
				80CCB6B927E4E55800BC2085 /* HorizontalCollectionViewCell.xib in Resources */,
				804154F627B62FE900160418 /* Main.storyboard in Resources */,
				80DD23A827D3332000F78417 /* TableViewCellXib.xib in Resources */,
				80C19AD527D76FDE009C34CB /* CouruselCollectionViewCell.xib in Resources */,
			);
			runOnlyForDeploymentPostprocessing = 0;
		};
/* End PBXResourcesBuildPhase section */

/* Begin PBXSourcesBuildPhase section */
		804154E727B62FE900160418 /* Sources */ = {
			isa = PBXSourcesBuildPhase;
			buildActionMask = 2147483647;
			files = (
				80601F7127DEF62100490809 /* CircleView.swift in Sources */,
				80D1315627FDE4D2009EA04D /* TabBarController.swift in Sources */,
				80E7D3C027DA7016009402ED /* HisFriends.swift in Sources */,
				80E3274A27D4F4BD0014C760 /* issetGroup.swift in Sources */,
				80F4BCCC28031BD5008E07B0 /* AnimateGallaryPush.swift in Sources */,
				80BC96F927BB67160038FD77 /* LoginViewController.swift in Sources */,
				80601F7527DF095C00490809 /* ShadowViewRadius.swift in Sources */,
				805E76ED27BC17670033098D /* Extension_LoginController.swift in Sources */,
				808E9DA027BE98BC0089E4A4 /* Friends.swift in Sources */,
				8003DA2727D5E1E00048B191 /* ExtendTableUserCell.swift in Sources */,
				80601F7A27DF1ECD00490809 /* SetHeaderInSection.swift in Sources */,
				806284C927DDB1A900D37674 /* CastomCollectionLayout.swift in Sources */,
				808E9D9A27BE94C00089E4A4 /* FriendsTableViewController.swift in Sources */,
				80D1315C27FEA85E009EA04D /* CustomNavigationController.swift in Sources */,
				80C19ACD27D76C6E009C34CB /* CouruselTableViewCell.swift in Sources */,
				80F4BCCE28031BF6008E07B0 /* AnimateGallaryPop.swift in Sources */,
				80DAF94927F0B5B200428C67 /* LoadingView.swift in Sources */,
				80850ED627DE3CAC0078039E /* SinglePhotoAndTextTableViewCell.swift in Sources */,
				80CCB6B427E4E3E700BC2085 /* CastomHorizontalView.swift in Sources */,
				80C19AC127D761DC009C34CB /* DetailUserTableViewController.swift in Sources */,
				8025114527BFF5A1007E87C4 /* UserGroupTableViewController.swift in Sources */,
				80850ECF27DE37910078039E /* HomeNewsTableViewController.swift in Sources */,
				80850ECB27DE16B00078039E /* CustomSingleCollectionLayout.swift in Sources */,
				80DAF94E27F16F1D00428C67 /* extensionUIViewGetSubView.swift in Sources */,
				8025114B27BFF63D007E87C4 /* AllUserGroups.swift in Sources */,
				80D1315227FDD876009EA04D /* AnimationLoginController.swift in Sources */,
				80EAC04E27F6D3F0006DDB9A /* CastomlayoutDelegate.swift in Sources */,
				8025114727BFF5C9007E87C4 /* NewGroupTableViewController.swift in Sources */,
				80C19AEA27D7C6BA009C34CB /* ExtensionDetailViewController.swift in Sources */,
				80CCB6B827E4E55800BC2085 /* HorizontalCollectionViewCell.swift in Sources */,
				805E76F027BC17EC0033098D /* AllertWrongUserData.swift in Sources */,
				80E3274D27D4F6A80014C760 /* addNewGroup.swift in Sources */,
				80850ED227DE37EE0078039E /* NewsData.swift in Sources */,
				80E3274827D4F4950014C760 /* setDataSectionTable.swift in Sources */,
				80D1F9D927B6475200EA4E0C /* Validators.swift in Sources */,
				80850EC827DE12480078039E /* SingleCollectionViewCell.swift in Sources */,
				80D1315827FE00BD009EA04D /* ReversAnimateLogin.swift in Sources */,
				80F4BCC527FFEC1F008E07B0 /* AnimationPopNavigationController.swift in Sources */,
				80C19AD427D76FDE009C34CB /* CouruselCollectionViewCell.swift in Sources */,
				804154EF27B62FE900160418 /* AppDelegate.swift in Sources */,
				804154F127B62FE900160418 /* SceneDelegate.swift in Sources */,
				80EAC05027F6D453006DDB9A /* TableViewDelegate.swift in Sources */,
				806284D427DDCAFF00D37674 /* GallaryTableViewCell.swift in Sources */,
				806284CE27DDB24F00D37674 /* GallaryCollectionViewCell.swift in Sources */,
				8025F7F527E7517F0009C488 /* ImageAndLikeData.swift in Sources */,
				80DAF95027F377AD00428C67 /* CustomCodeSearchBar.swift in Sources */,
				80E7D3C527DB0895009402ED /* DataController.swift in Sources */,
				80850EDB27DE42D70078039E /* NewsPhotoAndTextCollectionViewCell.swift in Sources */,
				80C7D08627F8440E00E03A27 /* GallaryViewController.swift in Sources */,
				80BC96F727BB66DA0038FD77 /* UserData.swift in Sources */,
				80850EC327DE08980078039E /* SinglePhotoTableViewCell.swift in Sources */,
				80F4BCC327FFEBCE008E07B0 /* AnimationPushNavigationController.swift in Sources */,
				80EAC04C27F6D35D006DDB9A /* ProtocolLikeDelegate.swift in Sources */,
				80850ECD27DE20350078039E /* ControlForLike.swift in Sources */,
				80EEE76A27E65C01007E27D0 /* PhotoGallaryPressetViewController.swift in Sources */,
				806284D127DDB68E00D37674 /* UserDetailsTableData.swift in Sources */,
				80EAC05227F6D64B006DDB9A /* UserGroupTableViewDelegate.swift in Sources */,
				80F4BCC92802E0A2008E07B0 /* SetFrameImages.swift in Sources */,
				80DD23A727D3332000F78417 /* TableViewCellXib.swift in Sources */,
			);
			runOnlyForDeploymentPostprocessing = 0;
		};
/* End PBXSourcesBuildPhase section */

/* Begin PBXVariantGroup section */
		804154F427B62FE900160418 /* Main.storyboard */ = {
			isa = PBXVariantGroup;
			children = (
				804154F527B62FE900160418 /* Base */,
			);
			name = Main.storyboard;
			sourceTree = "<group>";
		};
		804154F927B62FEB00160418 /* LaunchScreen.storyboard */ = {
			isa = PBXVariantGroup;
			children = (
				804154FA27B62FEB00160418 /* Base */,
			);
			name = LaunchScreen.storyboard;
			sourceTree = "<group>";
		};
/* End PBXVariantGroup section */

/* Begin XCBuildConfiguration section */
		804154FD27B62FEB00160418 /* Debug */ = {
			isa = XCBuildConfiguration;
			buildSettings = {
				ALWAYS_SEARCH_USER_PATHS = NO;
				CLANG_ANALYZER_NONNULL = YES;
				CLANG_ANALYZER_NUMBER_OBJECT_CONVERSION = YES_AGGRESSIVE;
				CLANG_CXX_LANGUAGE_STANDARD = "gnu++17";
				CLANG_CXX_LIBRARY = "libc++";
				CLANG_ENABLE_MODULES = YES;
				CLANG_ENABLE_OBJC_ARC = YES;
				CLANG_ENABLE_OBJC_WEAK = YES;
				CLANG_WARN_BLOCK_CAPTURE_AUTORELEASING = YES;
				CLANG_WARN_BOOL_CONVERSION = YES;
				CLANG_WARN_COMMA = YES;
				CLANG_WARN_CONSTANT_CONVERSION = YES;
				CLANG_WARN_DEPRECATED_OBJC_IMPLEMENTATIONS = YES;
				CLANG_WARN_DIRECT_OBJC_ISA_USAGE = YES_ERROR;
				CLANG_WARN_DOCUMENTATION_COMMENTS = YES;
				CLANG_WARN_EMPTY_BODY = YES;
				CLANG_WARN_ENUM_CONVERSION = YES;
				CLANG_WARN_INFINITE_RECURSION = YES;
				CLANG_WARN_INT_CONVERSION = YES;
				CLANG_WARN_NON_LITERAL_NULL_CONVERSION = YES;
				CLANG_WARN_OBJC_IMPLICIT_RETAIN_SELF = YES;
				CLANG_WARN_OBJC_LITERAL_CONVERSION = YES;
				CLANG_WARN_OBJC_ROOT_CLASS = YES_ERROR;
				CLANG_WARN_QUOTED_INCLUDE_IN_FRAMEWORK_HEADER = YES;
				CLANG_WARN_RANGE_LOOP_ANALYSIS = YES;
				CLANG_WARN_STRICT_PROTOTYPES = YES;
				CLANG_WARN_SUSPICIOUS_MOVE = YES;
				CLANG_WARN_UNGUARDED_AVAILABILITY = YES_AGGRESSIVE;
				CLANG_WARN_UNREACHABLE_CODE = YES;
				CLANG_WARN__DUPLICATE_METHOD_MATCH = YES;
				COPY_PHASE_STRIP = NO;
				DEBUG_INFORMATION_FORMAT = dwarf;
				ENABLE_STRICT_OBJC_MSGSEND = YES;
				ENABLE_TESTABILITY = YES;
				GCC_C_LANGUAGE_STANDARD = gnu11;
				GCC_DYNAMIC_NO_PIC = NO;
				GCC_NO_COMMON_BLOCKS = YES;
				GCC_OPTIMIZATION_LEVEL = 0;
				GCC_PREPROCESSOR_DEFINITIONS = (
					"DEBUG=1",
					"$(inherited)",
				);
				GCC_WARN_64_TO_32_BIT_CONVERSION = YES;
				GCC_WARN_ABOUT_RETURN_TYPE = YES_ERROR;
				GCC_WARN_UNDECLARED_SELECTOR = YES;
				GCC_WARN_UNINITIALIZED_AUTOS = YES_AGGRESSIVE;
				GCC_WARN_UNUSED_FUNCTION = YES;
				GCC_WARN_UNUSED_VARIABLE = YES;
				IPHONEOS_DEPLOYMENT_TARGET = 15.2;
				MTL_ENABLE_DEBUG_INFO = INCLUDE_SOURCE;
				MTL_FAST_MATH = YES;
				ONLY_ACTIVE_ARCH = YES;
				SDKROOT = iphoneos;
				SWIFT_ACTIVE_COMPILATION_CONDITIONS = DEBUG;
				SWIFT_OPTIMIZATION_LEVEL = "-Onone";
			};
			name = Debug;
		};
		804154FE27B62FEB00160418 /* Release */ = {
			isa = XCBuildConfiguration;
			buildSettings = {
				ALWAYS_SEARCH_USER_PATHS = NO;
				CLANG_ANALYZER_NONNULL = YES;
				CLANG_ANALYZER_NUMBER_OBJECT_CONVERSION = YES_AGGRESSIVE;
				CLANG_CXX_LANGUAGE_STANDARD = "gnu++17";
				CLANG_CXX_LIBRARY = "libc++";
				CLANG_ENABLE_MODULES = YES;
				CLANG_ENABLE_OBJC_ARC = YES;
				CLANG_ENABLE_OBJC_WEAK = YES;
				CLANG_WARN_BLOCK_CAPTURE_AUTORELEASING = YES;
				CLANG_WARN_BOOL_CONVERSION = YES;
				CLANG_WARN_COMMA = YES;
				CLANG_WARN_CONSTANT_CONVERSION = YES;
				CLANG_WARN_DEPRECATED_OBJC_IMPLEMENTATIONS = YES;
				CLANG_WARN_DIRECT_OBJC_ISA_USAGE = YES_ERROR;
				CLANG_WARN_DOCUMENTATION_COMMENTS = YES;
				CLANG_WARN_EMPTY_BODY = YES;
				CLANG_WARN_ENUM_CONVERSION = YES;
				CLANG_WARN_INFINITE_RECURSION = YES;
				CLANG_WARN_INT_CONVERSION = YES;
				CLANG_WARN_NON_LITERAL_NULL_CONVERSION = YES;
				CLANG_WARN_OBJC_IMPLICIT_RETAIN_SELF = YES;
				CLANG_WARN_OBJC_LITERAL_CONVERSION = YES;
				CLANG_WARN_OBJC_ROOT_CLASS = YES_ERROR;
				CLANG_WARN_QUOTED_INCLUDE_IN_FRAMEWORK_HEADER = YES;
				CLANG_WARN_RANGE_LOOP_ANALYSIS = YES;
				CLANG_WARN_STRICT_PROTOTYPES = YES;
				CLANG_WARN_SUSPICIOUS_MOVE = YES;
				CLANG_WARN_UNGUARDED_AVAILABILITY = YES_AGGRESSIVE;
				CLANG_WARN_UNREACHABLE_CODE = YES;
				CLANG_WARN__DUPLICATE_METHOD_MATCH = YES;
				COPY_PHASE_STRIP = NO;
				DEBUG_INFORMATION_FORMAT = "dwarf-with-dsym";
				ENABLE_NS_ASSERTIONS = NO;
				ENABLE_STRICT_OBJC_MSGSEND = YES;
				GCC_C_LANGUAGE_STANDARD = gnu11;
				GCC_NO_COMMON_BLOCKS = YES;
				GCC_WARN_64_TO_32_BIT_CONVERSION = YES;
				GCC_WARN_ABOUT_RETURN_TYPE = YES_ERROR;
				GCC_WARN_UNDECLARED_SELECTOR = YES;
				GCC_WARN_UNINITIALIZED_AUTOS = YES_AGGRESSIVE;
				GCC_WARN_UNUSED_FUNCTION = YES;
				GCC_WARN_UNUSED_VARIABLE = YES;
				IPHONEOS_DEPLOYMENT_TARGET = 15.2;
				MTL_ENABLE_DEBUG_INFO = NO;
				MTL_FAST_MATH = YES;
				SDKROOT = iphoneos;
				SWIFT_COMPILATION_MODE = wholemodule;
				SWIFT_OPTIMIZATION_LEVEL = "-O";
				VALIDATE_PRODUCT = YES;
			};
			name = Release;
		};
		8041550027B62FEB00160418 /* Debug */ = {
			isa = XCBuildConfiguration;
			buildSettings = {
				ASSETCATALOG_COMPILER_APPICON_NAME = AppIcon;
				ASSETCATALOG_COMPILER_GLOBAL_ACCENT_COLOR_NAME = AccentColor;
				CODE_SIGN_STYLE = Automatic;
				CURRENT_PROJECT_VERSION = 1;
				DEVELOPMENT_TEAM = JJYZW38GT4;
				GENERATE_INFOPLIST_FILE = YES;
				INFOPLIST_FILE = VKApp_KonishchevIvan/Info.plist;
				INFOPLIST_KEY_UIApplicationSupportsIndirectInputEvents = YES;
				INFOPLIST_KEY_UILaunchStoryboardName = LaunchScreen;
				INFOPLIST_KEY_UIMainStoryboardFile = Main;
				INFOPLIST_KEY_UISupportedInterfaceOrientations_iPad = "UIInterfaceOrientationPortrait UIInterfaceOrientationPortraitUpsideDown UIInterfaceOrientationLandscapeLeft UIInterfaceOrientationLandscapeRight";
				INFOPLIST_KEY_UISupportedInterfaceOrientations_iPhone = "UIInterfaceOrientationPortrait UIInterfaceOrientationLandscapeLeft UIInterfaceOrientationLandscapeRight";
				LD_RUNPATH_SEARCH_PATHS = (
					"$(inherited)",
					"@executable_path/Frameworks",
				);
				MARKETING_VERSION = 1.0;
				PRODUCT_BUNDLE_IDENTIFIER = "Konishchev.VKApp-KonishchevIvan";
				PRODUCT_NAME = "$(TARGET_NAME)";
				SWIFT_EMIT_LOC_STRINGS = YES;
				SWIFT_VERSION = 5.0;
				TARGETED_DEVICE_FAMILY = "1,2";
			};
			name = Debug;
		};
		8041550127B62FEB00160418 /* Release */ = {
			isa = XCBuildConfiguration;
			buildSettings = {
				ASSETCATALOG_COMPILER_APPICON_NAME = AppIcon;
				ASSETCATALOG_COMPILER_GLOBAL_ACCENT_COLOR_NAME = AccentColor;
				CODE_SIGN_STYLE = Automatic;
				CURRENT_PROJECT_VERSION = 1;
				DEVELOPMENT_TEAM = JJYZW38GT4;
				GENERATE_INFOPLIST_FILE = YES;
				INFOPLIST_FILE = VKApp_KonishchevIvan/Info.plist;
				INFOPLIST_KEY_UIApplicationSupportsIndirectInputEvents = YES;
				INFOPLIST_KEY_UILaunchStoryboardName = LaunchScreen;
				INFOPLIST_KEY_UIMainStoryboardFile = Main;
				INFOPLIST_KEY_UISupportedInterfaceOrientations_iPad = "UIInterfaceOrientationPortrait UIInterfaceOrientationPortraitUpsideDown UIInterfaceOrientationLandscapeLeft UIInterfaceOrientationLandscapeRight";
				INFOPLIST_KEY_UISupportedInterfaceOrientations_iPhone = "UIInterfaceOrientationPortrait UIInterfaceOrientationLandscapeLeft UIInterfaceOrientationLandscapeRight";
				LD_RUNPATH_SEARCH_PATHS = (
					"$(inherited)",
					"@executable_path/Frameworks",
				);
				MARKETING_VERSION = 1.0;
				PRODUCT_BUNDLE_IDENTIFIER = "Konishchev.VKApp-KonishchevIvan";
				PRODUCT_NAME = "$(TARGET_NAME)";
				SWIFT_EMIT_LOC_STRINGS = YES;
				SWIFT_VERSION = 5.0;
				TARGETED_DEVICE_FAMILY = "1,2";
			};
			name = Release;
		};
/* End XCBuildConfiguration section */

/* Begin XCConfigurationList section */
		804154E627B62FE900160418 /* Build configuration list for PBXProject "VKApp_KonishchevIvan" */ = {
			isa = XCConfigurationList;
			buildConfigurations = (
				804154FD27B62FEB00160418 /* Debug */,
				804154FE27B62FEB00160418 /* Release */,
			);
			defaultConfigurationIsVisible = 0;
			defaultConfigurationName = Release;
		};
		804154FF27B62FEB00160418 /* Build configuration list for PBXNativeTarget "VKApp_KonishchevIvan" */ = {
			isa = XCConfigurationList;
			buildConfigurations = (
				8041550027B62FEB00160418 /* Debug */,
				8041550127B62FEB00160418 /* Release */,
			);
			defaultConfigurationIsVisible = 0;
			defaultConfigurationName = Release;
		};
/* End XCConfigurationList section */
	};
	rootObject = 804154E327B62FE900160418 /* Project object */;
}
